
Microsoft Visual Studio Solution File, Format Version 12.00
# Visual Studio 14
VisualStudioVersion = 14.0.23107.0
MinimumVisualStudioVersion = 10.0.40219.1
Project("{FAE04EC0-301F-11D3-BF4B-00C04F79EFBC}") = "PC_20151013_cmd_entity", "PC_20151013_cmd_entity\PC_20151013_cmd_entity.csproj", "{56CD97B2-7C79-473B-8B30-72ECFF9E45A3}"
EndProject
Global
	GlobalSection(SolutionConfigurationPlatforms) = preSolution
		Debug|Any CPU = Debug|Any CPU
		Release|Any CPU = Release|Any CPU
	EndGlobalSection
	GlobalSection(ProjectConfigurationPlatforms) = postSolution
		{56CD97B2-7C79-473B-8B30-72ECFF9E45A3}.Debug|Any CPU.ActiveCfg = Debug|Any CPU
		{56CD97B2-7C79-473B-8B30-72ECFF9E45A3}.Debug|Any CPU.Build.0 = Debug|Any CPU
		{56CD97B2-7C79-473B-8B30-72ECFF9E45A3}.Release|Any CPU.ActiveCfg = Release|Any CPU
		{56CD97B2-7C79-473B-8B30-72ECFF9E45A3}.Release|Any CPU.Build.0 = Release|Any CPU
	EndGlobalSection
	GlobalSection(SolutionProperties) = preSolution
		HideSolutionNode = FALSE
	EndGlobalSection
EndGlobal
