
Microsoft Visual Studio Solution File, Format Version 12.00
# Visual Studio 2012
Project("{FAE04EC0-301F-11D3-BF4B-00C04F79EFBC}") = "Contatos_monodevelop", "Contatos_monodevelop\Contatos_monodevelop.csproj", "{B1E9AB0A-A2C4-42F8-9E97-A627BDF003B1}"
EndProject
Global
	GlobalSection(SolutionConfigurationPlatforms) = preSolution
		Debug|x86 = Debug|x86
		Release|x86 = Release|x86
	EndGlobalSection
	GlobalSection(ProjectConfigurationPlatforms) = postSolution
		{B1E9AB0A-A2C4-42F8-9E97-A627BDF003B1}.Debug|x86.ActiveCfg = Debug|x86
		{B1E9AB0A-A2C4-42F8-9E97-A627BDF003B1}.Debug|x86.Build.0 = Debug|x86
		{B1E9AB0A-A2C4-42F8-9E97-A627BDF003B1}.Release|x86.ActiveCfg = Release|x86
		{B1E9AB0A-A2C4-42F8-9E97-A627BDF003B1}.Release|x86.Build.0 = Release|x86
	EndGlobalSection
	GlobalSection(MonoDevelopProperties) = preSolution
		StartupItem = Contatos_monodevelop\Contatos_monodevelop.csproj
	EndGlobalSection
EndGlobal
