
Microsoft Visual Studio Solution File, Format Version 12.00
# Visual Studio 2012
Project("{FAE04EC0-301F-11D3-BF4B-00C04F79EFBC}") = "PC_20150908_tres_iguais", "PC_20150908_tres_iguais\PC_20150908_tres_iguais.csproj", "{3A2BCD20-8496-44BB-8966-C6D8C6AAD7F7}"
EndProject
Global
	GlobalSection(SolutionConfigurationPlatforms) = preSolution
		Debug|x86 = Debug|x86
		Release|x86 = Release|x86
	EndGlobalSection
	GlobalSection(ProjectConfigurationPlatforms) = postSolution
		{3A2BCD20-8496-44BB-8966-C6D8C6AAD7F7}.Debug|x86.ActiveCfg = Debug|x86
		{3A2BCD20-8496-44BB-8966-C6D8C6AAD7F7}.Debug|x86.Build.0 = Debug|x86
		{3A2BCD20-8496-44BB-8966-C6D8C6AAD7F7}.Release|x86.ActiveCfg = Release|x86
		{3A2BCD20-8496-44BB-8966-C6D8C6AAD7F7}.Release|x86.Build.0 = Release|x86
	EndGlobalSection
EndGlobal
